
Microsoft Visual Studio Solution File, Format Version 12.00
# Visual Studio Version 17
VisualStudioVersion = 17.6.33712.159
MinimumVisualStudioVersion = 10.0.40219.1
Project("{2150E333-8FDC-42A3-9474-1A3956D46DE8}") = "Src", "Src", "{95BE6C3D-1F2E-458F-9E52-99900AFB77BE}"
EndProject
Project("{2150E333-8FDC-42A3-9474-1A3956D46DE8}") = "Presentation", "Presentation", "{165B48DD-7C65-47E1-88FD-594FF0397D75}"
EndProject
Project("{FAE04EC0-301F-11D3-BF4B-00C04F79EFBC}") = "AuthApi", "Src\Presentation\AuthApi\AuthApi.csproj", "{DA5794F6-4349-47C3-91C0-64E0385C03EA}"
EndProject
Project("{2150E333-8FDC-42A3-9474-1A3956D46DE8}") = "Common", "Common", "{21B02069-2AF0-463B-8D5C-AEB425787A1A}"
EndProject
Project("{2150E333-8FDC-42A3-9474-1A3956D46DE8}") = "Core", "Core", "{5D1E892B-BB02-406B-BF9B-DDBAF3AC2E9B}"
EndProject
Project("{2150E333-8FDC-42A3-9474-1A3956D46DE8}") = "Infrastructure", "Infrastructure", "{E3F81925-B86D-414E-A862-A48600956B5F}"
EndProject
Project("{2150E333-8FDC-42A3-9474-1A3956D46DE8}") = "Tests", "Tests", "{0FAEB515-50CD-4128-91EA-F79154FA2538}"
EndProject
Project("{2150E333-8FDC-42A3-9474-1A3956D46DE8}") = "Unit", "Unit", "{CFF30218-6818-422D-9C4B-422514B5EBA3}"
EndProject
Project("{2150E333-8FDC-42A3-9474-1A3956D46DE8}") = "Common", "Common", "{0875C0DC-C02B-4391-A724-0A7C8EDD8DE3}"
EndProject
Project("{2150E333-8FDC-42A3-9474-1A3956D46DE8}") = "Core", "Core", "{5CBD84A5-64D0-4FE1-9B92-907B4F0F631E}"
EndProject
Project("{2150E333-8FDC-42A3-9474-1A3956D46DE8}") = "Infrastructure", "Infrastructure", "{B934F9B4-D5D3-480B-8B84-A67467ECD047}"
EndProject
Project("{2150E333-8FDC-42A3-9474-1A3956D46DE8}") = "Presentation", "Presentation", "{8FA81128-A0E3-4005-A0B9-60DB64C314C5}"
EndProject
Project("{FAE04EC0-301F-11D3-BF4B-00C04F79EFBC}") = "AuthApi.Tests", "Tests\Unit\Presentation\AuthApi.Tests\AuthApi.Tests.csproj", "{2E81E0FC-13CC-4982-A8BB-EEF28211A4F4}"
EndProject
Project("{FAE04EC0-301F-11D3-BF4B-00C04F79EFBC}") = "AuthService.Common", "Src\Common\AuthApi.Common\AuthService.Common.csproj", "{98D233B9-5714-4763-B829-991BA23C158F}"
EndProject
Project("{FAE04EC0-301F-11D3-BF4B-00C04F79EFBC}") = "AuthService.Application", "Src\Core\AuthService.Core\AuthService.Application.csproj", "{EE782CA6-0DD5-454C-BB4D-F78A2790660F}"
EndProject
Project("{FAE04EC0-301F-11D3-BF4B-00C04F79EFBC}") = "AuthService.Domain", "Src\Core\AuthService.Domain\AuthService.Domain.csproj", "{8847EF94-7A84-4E6C-A1AD-37E01B5D5343}"
EndProject
Project("{FAE04EC0-301F-11D3-BF4B-00C04F79EFBC}") = "AuthService.Identity", "Src\Infrastructure\AuthService.Identity\AuthService.Identity.csproj", "{F3EF981E-81F6-46C6-AA35-4C209314429A}"
EndProject
Project("{FAE04EC0-301F-11D3-BF4B-00C04F79EFBC}") = "AuthService.Persistence", "Src\Infrastructure\AuthService.Persistence\AuthService.Persistence.csproj", "{730D8F1D-147F-400F-A82E-9991C46B822F}"
EndProject
Project("{FAE04EC0-301F-11D3-BF4B-00C04F79EFBC}") = "AuthService.Common.Tests", "Tests\Unit\Common\AuthService.Common.Tests\AuthService.Common.Tests.csproj", "{199EEDBC-A2DB-4D27-AAE1-0847C3148CC6}"
EndProject
Project("{FAE04EC0-301F-11D3-BF4B-00C04F79EFBC}") = "AuthService.Application.Tests", "Tests\Unit\Core\AuthService.Application.Tests\AuthService.Application.Tests.csproj", "{07969CFF-7ABC-4AE7-8918-B7C7FD328BD1}"
EndProject
Project("{FAE04EC0-301F-11D3-BF4B-00C04F79EFBC}") = "AuthService.Identity.Tests", "Tests\Unit\Infrastructure\AuthService.Identity.Tests\AuthService.Identity.Tests.csproj", "{F8D865DA-A260-4F35-A8F2-54A0546D37DB}"
EndProject
Project("{FAE04EC0-301F-11D3-BF4B-00C04F79EFBC}") = "AuthService.Persistence.Tests", "Tests\Unit\Infrastructure\AuthService.Persistence.Tests\AuthService.Persistence.Tests.csproj", "{47EF67DB-AEB4-4071-8E61-B2042AAF7645}"
EndProject
Global
	GlobalSection(SolutionConfigurationPlatforms) = preSolution
		Debug|Any CPU = Debug|Any CPU
		Release|Any CPU = Release|Any CPU
	EndGlobalSection
	GlobalSection(ProjectConfigurationPlatforms) = postSolution
		{DA5794F6-4349-47C3-91C0-64E0385C03EA}.Debug|Any CPU.ActiveCfg = Debug|Any CPU
		{DA5794F6-4349-47C3-91C0-64E0385C03EA}.Debug|Any CPU.Build.0 = Debug|Any CPU
		{DA5794F6-4349-47C3-91C0-64E0385C03EA}.Release|Any CPU.ActiveCfg = Release|Any CPU
		{DA5794F6-4349-47C3-91C0-64E0385C03EA}.Release|Any CPU.Build.0 = Release|Any CPU
		{2E81E0FC-13CC-4982-A8BB-EEF28211A4F4}.Debug|Any CPU.ActiveCfg = Debug|Any CPU
		{2E81E0FC-13CC-4982-A8BB-EEF28211A4F4}.Debug|Any CPU.Build.0 = Debug|Any CPU
		{2E81E0FC-13CC-4982-A8BB-EEF28211A4F4}.Release|Any CPU.ActiveCfg = Release|Any CPU
		{2E81E0FC-13CC-4982-A8BB-EEF28211A4F4}.Release|Any CPU.Build.0 = Release|Any CPU
		{98D233B9-5714-4763-B829-991BA23C158F}.Debug|Any CPU.ActiveCfg = Debug|Any CPU
		{98D233B9-5714-4763-B829-991BA23C158F}.Debug|Any CPU.Build.0 = Debug|Any CPU
		{98D233B9-5714-4763-B829-991BA23C158F}.Release|Any CPU.ActiveCfg = Release|Any CPU
		{98D233B9-5714-4763-B829-991BA23C158F}.Release|Any CPU.Build.0 = Release|Any CPU
		{EE782CA6-0DD5-454C-BB4D-F78A2790660F}.Debug|Any CPU.ActiveCfg = Debug|Any CPU
		{EE782CA6-0DD5-454C-BB4D-F78A2790660F}.Debug|Any CPU.Build.0 = Debug|Any CPU
		{EE782CA6-0DD5-454C-BB4D-F78A2790660F}.Release|Any CPU.ActiveCfg = Release|Any CPU
		{EE782CA6-0DD5-454C-BB4D-F78A2790660F}.Release|Any CPU.Build.0 = Release|Any CPU
		{8847EF94-7A84-4E6C-A1AD-37E01B5D5343}.Debug|Any CPU.ActiveCfg = Debug|Any CPU
		{8847EF94-7A84-4E6C-A1AD-37E01B5D5343}.Debug|Any CPU.Build.0 = Debug|Any CPU
		{8847EF94-7A84-4E6C-A1AD-37E01B5D5343}.Release|Any CPU.ActiveCfg = Release|Any CPU
		{8847EF94-7A84-4E6C-A1AD-37E01B5D5343}.Release|Any CPU.Build.0 = Release|Any CPU
		{F3EF981E-81F6-46C6-AA35-4C209314429A}.Debug|Any CPU.ActiveCfg = Debug|Any CPU
		{F3EF981E-81F6-46C6-AA35-4C209314429A}.Debug|Any CPU.Build.0 = Debug|Any CPU
		{F3EF981E-81F6-46C6-AA35-4C209314429A}.Release|Any CPU.ActiveCfg = Release|Any CPU
		{F3EF981E-81F6-46C6-AA35-4C209314429A}.Release|Any CPU.Build.0 = Release|Any CPU
		{730D8F1D-147F-400F-A82E-9991C46B822F}.Debug|Any CPU.ActiveCfg = Debug|Any CPU
		{730D8F1D-147F-400F-A82E-9991C46B822F}.Debug|Any CPU.Build.0 = Debug|Any CPU
		{730D8F1D-147F-400F-A82E-9991C46B822F}.Release|Any CPU.ActiveCfg = Release|Any CPU
		{730D8F1D-147F-400F-A82E-9991C46B822F}.Release|Any CPU.Build.0 = Release|Any CPU
		{199EEDBC-A2DB-4D27-AAE1-0847C3148CC6}.Debug|Any CPU.ActiveCfg = Debug|Any CPU
		{199EEDBC-A2DB-4D27-AAE1-0847C3148CC6}.Debug|Any CPU.Build.0 = Debug|Any CPU
		{199EEDBC-A2DB-4D27-AAE1-0847C3148CC6}.Release|Any CPU.ActiveCfg = Release|Any CPU
		{199EEDBC-A2DB-4D27-AAE1-0847C3148CC6}.Release|Any CPU.Build.0 = Release|Any CPU
		{07969CFF-7ABC-4AE7-8918-B7C7FD328BD1}.Debug|Any CPU.ActiveCfg = Debug|Any CPU
		{07969CFF-7ABC-4AE7-8918-B7C7FD328BD1}.Debug|Any CPU.Build.0 = Debug|Any CPU
		{07969CFF-7ABC-4AE7-8918-B7C7FD328BD1}.Release|Any CPU.ActiveCfg = Release|Any CPU
		{07969CFF-7ABC-4AE7-8918-B7C7FD328BD1}.Release|Any CPU.Build.0 = Release|Any CPU
		{F8D865DA-A260-4F35-A8F2-54A0546D37DB}.Debug|Any CPU.ActiveCfg = Debug|Any CPU
		{F8D865DA-A260-4F35-A8F2-54A0546D37DB}.Debug|Any CPU.Build.0 = Debug|Any CPU
		{F8D865DA-A260-4F35-A8F2-54A0546D37DB}.Release|Any CPU.ActiveCfg = Release|Any CPU
		{F8D865DA-A260-4F35-A8F2-54A0546D37DB}.Release|Any CPU.Build.0 = Release|Any CPU
		{47EF67DB-AEB4-4071-8E61-B2042AAF7645}.Debug|Any CPU.ActiveCfg = Debug|Any CPU
		{47EF67DB-AEB4-4071-8E61-B2042AAF7645}.Debug|Any CPU.Build.0 = Debug|Any CPU
		{47EF67DB-AEB4-4071-8E61-B2042AAF7645}.Release|Any CPU.ActiveCfg = Release|Any CPU
		{47EF67DB-AEB4-4071-8E61-B2042AAF7645}.Release|Any CPU.Build.0 = Release|Any CPU
	EndGlobalSection
	GlobalSection(SolutionProperties) = preSolution
		HideSolutionNode = FALSE
	EndGlobalSection
	GlobalSection(NestedProjects) = preSolution
		{165B48DD-7C65-47E1-88FD-594FF0397D75} = {95BE6C3D-1F2E-458F-9E52-99900AFB77BE}
		{DA5794F6-4349-47C3-91C0-64E0385C03EA} = {165B48DD-7C65-47E1-88FD-594FF0397D75}
		{21B02069-2AF0-463B-8D5C-AEB425787A1A} = {95BE6C3D-1F2E-458F-9E52-99900AFB77BE}
		{5D1E892B-BB02-406B-BF9B-DDBAF3AC2E9B} = {95BE6C3D-1F2E-458F-9E52-99900AFB77BE}
		{E3F81925-B86D-414E-A862-A48600956B5F} = {95BE6C3D-1F2E-458F-9E52-99900AFB77BE}
		{CFF30218-6818-422D-9C4B-422514B5EBA3} = {0FAEB515-50CD-4128-91EA-F79154FA2538}
		{0875C0DC-C02B-4391-A724-0A7C8EDD8DE3} = {CFF30218-6818-422D-9C4B-422514B5EBA3}
		{5CBD84A5-64D0-4FE1-9B92-907B4F0F631E} = {CFF30218-6818-422D-9C4B-422514B5EBA3}
		{B934F9B4-D5D3-480B-8B84-A67467ECD047} = {CFF30218-6818-422D-9C4B-422514B5EBA3}
		{8FA81128-A0E3-4005-A0B9-60DB64C314C5} = {CFF30218-6818-422D-9C4B-422514B5EBA3}
		{2E81E0FC-13CC-4982-A8BB-EEF28211A4F4} = {8FA81128-A0E3-4005-A0B9-60DB64C314C5}
		{98D233B9-5714-4763-B829-991BA23C158F} = {21B02069-2AF0-463B-8D5C-AEB425787A1A}
		{EE782CA6-0DD5-454C-BB4D-F78A2790660F} = {5D1E892B-BB02-406B-BF9B-DDBAF3AC2E9B}
		{8847EF94-7A84-4E6C-A1AD-37E01B5D5343} = {5D1E892B-BB02-406B-BF9B-DDBAF3AC2E9B}
		{F3EF981E-81F6-46C6-AA35-4C209314429A} = {E3F81925-B86D-414E-A862-A48600956B5F}
		{730D8F1D-147F-400F-A82E-9991C46B822F} = {E3F81925-B86D-414E-A862-A48600956B5F}
		{199EEDBC-A2DB-4D27-AAE1-0847C3148CC6} = {0875C0DC-C02B-4391-A724-0A7C8EDD8DE3}
		{07969CFF-7ABC-4AE7-8918-B7C7FD328BD1} = {5CBD84A5-64D0-4FE1-9B92-907B4F0F631E}
		{F8D865DA-A260-4F35-A8F2-54A0546D37DB} = {B934F9B4-D5D3-480B-8B84-A67467ECD047}
		{47EF67DB-AEB4-4071-8E61-B2042AAF7645} = {B934F9B4-D5D3-480B-8B84-A67467ECD047}
	EndGlobalSection
	GlobalSection(ExtensibilityGlobals) = postSolution
		SolutionGuid = {D2A12D44-3222-4D2F-9F09-981827CDE1F1}
	EndGlobalSection
EndGlobal
