
Microsoft Visual Studio Solution File, Format Version 12.00
# Visual Studio Version 17
VisualStudioVersion = 17.6.33712.159
MinimumVisualStudioVersion = 10.0.40219.1
Project("{2150E333-8FDC-42A3-9474-1A3956D46DE8}") = "Src", "Src", "{95BE6C3D-1F2E-458F-9E52-99900AFB77BE}"
EndProject
Project("{2150E333-8FDC-42A3-9474-1A3956D46DE8}") = "Tests", "Tests", "{0FAEB515-50CD-4128-91EA-F79154FA2538}"
EndProject
Project("{2150E333-8FDC-42A3-9474-1A3956D46DE8}") = "Unit", "Unit", "{F22AB961-F577-4F87-9423-13F10B1E207B}"
EndProject
Project("{2150E333-8FDC-42A3-9474-1A3956D46DE8}") = "Account", "Account", "{4BC71B9A-4C98-43CC-ABE3-503763FC4FEA}"
EndProject
Project("{2150E333-8FDC-42A3-9474-1A3956D46DE8}") = "Account", "Account", "{FDB37DF3-FD13-425F-8BBF-FF23023FCA81}"
EndProject
Project("{2150E333-8FDC-42A3-9474-1A3956D46DE8}") = "Common", "Common", "{809D7793-A89E-402D-A7EF-516D72469CBA}"
EndProject
Project("{2150E333-8FDC-42A3-9474-1A3956D46DE8}") = "Core", "Core", "{9A34E001-6863-408A-9A29-76C0791BDC69}"
EndProject
Project("{2150E333-8FDC-42A3-9474-1A3956D46DE8}") = "Infrastructure", "Infrastructure", "{1D03C10B-BEF7-4164-B8E9-70CDD0170200}"
EndProject
Project("{2150E333-8FDC-42A3-9474-1A3956D46DE8}") = "Presentation", "Presentation", "{CB990E59-C496-4ED1-BC0F-8477DE7D18A5}"
EndProject
Project("{2150E333-8FDC-42A3-9474-1A3956D46DE8}") = "Common", "Common", "{D5BE75F5-F571-4347-8E59-03726350F333}"
EndProject
Project("{2150E333-8FDC-42A3-9474-1A3956D46DE8}") = "Core", "Core", "{C60827AD-B7A2-4D2A-BC08-65EE71474F07}"
EndProject
Project("{2150E333-8FDC-42A3-9474-1A3956D46DE8}") = "Infrastructure", "Infrastructure", "{AAEFFC57-C1A5-4225-AAA3-6D67D1A835C7}"
EndProject
Project("{2150E333-8FDC-42A3-9474-1A3956D46DE8}") = "Presentation", "Presentation", "{C61B2FA5-F39D-4D7B-A3CF-0229F1559FE3}"
EndProject
Project("{9A19103F-16F7-4668-BE54-9A1E7A4F7556}") = "AccountService.Common", "Src\Account\Common\AccountService.Common\AccountService.Common.csproj", "{25616C87-8A1F-4F57-807F-AABC42E10401}"
EndProject
Project("{9A19103F-16F7-4668-BE54-9A1E7A4F7556}") = "AccountService.Application", "Src\Account\Core\AccountService.Application\AccountService.Application.csproj", "{7B3F692B-5B3C-43C2-A15C-3E1A8151C74E}"
EndProject
Project("{9A19103F-16F7-4668-BE54-9A1E7A4F7556}") = "AccountService.Domain", "Src\Account\Core\AccountService.Domain\AccountService.Domain.csproj", "{60668212-FFA8-4F39-8434-8FC1218ED997}"
EndProject
Project("{9A19103F-16F7-4668-BE54-9A1E7A4F7556}") = "AccountApi", "Src\Account\Presentation\AccountApi\AccountApi.csproj", "{B652DDC9-7FA5-46F8-A2E9-A91FB3784060}"
EndProject
Project("{9A19103F-16F7-4668-BE54-9A1E7A4F7556}") = "AccountService.Persistence", "Src\Account\Infrastructure\AccountService.Persistence\AccountService.Persistence.csproj", "{6168A528-A283-421F-91E5-8E984F5F1E18}"
EndProject
Project("{9A19103F-16F7-4668-BE54-9A1E7A4F7556}") = "AccountService.Common.Tests", "Tests\Unit\Account\Common\AccountService.Common.Tests\AccountService.Common.Tests.csproj", "{A29C2A97-8311-4EE1-8D18-295DC8F376D8}"
EndProject
Project("{9A19103F-16F7-4668-BE54-9A1E7A4F7556}") = "AccountService.Application.Tests", "Tests\Unit\Account\Core\AccountService.Application.Tests\AccountService.Application.Tests.csproj", "{FAC2D130-0FE9-467C-A117-0D5A85F66800}"
EndProject
Project("{9A19103F-16F7-4668-BE54-9A1E7A4F7556}") = "AccountService.Persistence.Tests", "Tests\Unit\Account\Infrastructure\AccountService.Persistence.Tests\AccountService.Persistence.Tests.csproj", "{AC65716A-D084-48E2-AD6E-5D6F35C66A03}"
EndProject
Project("{9A19103F-16F7-4668-BE54-9A1E7A4F7556}") = "AuthApi.Tests", "Tests\Unit\Account\Presentation\AuthApi.Tests\AuthApi.Tests.csproj", "{FA7C9D61-A6A9-480C-BABD-2C6FD6454991}"
EndProject
Project("{9A19103F-16F7-4668-BE54-9A1E7A4F7556}") = "AccountService.Identity", "Src\Account\Infrastructure\AccountService.Identity\AccountService.Identity.csproj", "{CBFBCE23-64C4-4519-A442-F4DD13017B92}"
EndProject
Project("{2150E333-8FDC-42A3-9474-1A3956D46DE8}") = "GameManager", "GameManager", "{C2BF7AF3-D565-4FC8-B0EB-AF325806A7A7}"
EndProject
Project("{2150E333-8FDC-42A3-9474-1A3956D46DE8}") = "Common", "Common", "{9775F2FF-E0BA-409B-B19B-73C0A640D453}"
EndProject
Project("{2150E333-8FDC-42A3-9474-1A3956D46DE8}") = "Core", "Core", "{59E50E1E-906F-4DF8-AB48-45927B18FCFE}"
EndProject
Project("{2150E333-8FDC-42A3-9474-1A3956D46DE8}") = "Infrastructure", "Infrastructure", "{DD5E085B-A717-4B1F-AF32-23FE4ECB8F58}"
EndProject
Project("{2150E333-8FDC-42A3-9474-1A3956D46DE8}") = "Presentation", "Presentation", "{E810F8A5-8DF8-4BCD-B349-D3F0F848B1B1}"
EndProject
Project("{9A19103F-16F7-4668-BE54-9A1E7A4F7556}") = "GameManagerService.Common", "Src\GameManager\Common\GameManagerService.Common\GameManagerService.Common.csproj", "{998E31CC-2057-4FD0-935B-83606F842C52}"
EndProject
Project("{9A19103F-16F7-4668-BE54-9A1E7A4F7556}") = "GameManagerService.Application", "Src\GameManager\Core\GameManagerService.Application\GameManagerService.Application.csproj", "{24935019-F40C-4064-99D5-CB2F541D4108}"
EndProject
Project("{9A19103F-16F7-4668-BE54-9A1E7A4F7556}") = "GameManagerService.Persistence", "Src\GameManager\Infrastructure\GameManagerService.Persistence\GameManagerService.Persistence.csproj", "{C2BDEACD-A923-4696-8A41-4AFE187A709D}"
EndProject
Project("{9A19103F-16F7-4668-BE54-9A1E7A4F7556}") = "GameManagerApi", "Src\GameManager\Presentation\GameManagerService.Api\GameManagerApi.csproj", "{7FCE6D39-CD70-4BAF-A44F-5EF156C685D8}"
EndProject
Project("{9A19103F-16F7-4668-BE54-9A1E7A4F7556}") = "GameManagerService.Domain", "Src\GameManager\Core\GameManagerService.Domain\GameManagerService.Domain.csproj", "{66CE0417-7834-4613-BD1F-ED3D65B29ED4}"
EndProject
Project("{2150E333-8FDC-42A3-9474-1A3956D46DE8}") = "GameManager", "GameManager", "{ED12318C-CF57-4044-8352-22A07B46F12D}"
EndProject
Project("{2150E333-8FDC-42A3-9474-1A3956D46DE8}") = "Common", "Common", "{5A01B2EC-5EE3-4453-800E-D9104C2C9237}"
EndProject
Project("{2150E333-8FDC-42A3-9474-1A3956D46DE8}") = "Core", "Core", "{1B84D416-9C31-4B77-8298-40BF8CA8D546}"
EndProject
Project("{2150E333-8FDC-42A3-9474-1A3956D46DE8}") = "Infrastructure", "Infrastructure", "{99FBAFB1-9CD6-40B4-B67D-2E6D4F216CD6}"
EndProject
Project("{2150E333-8FDC-42A3-9474-1A3956D46DE8}") = "Presentation", "Presentation", "{E03C7C5D-822D-4FE7-81C3-A876FF7E9E87}"
EndProject
Project("{9A19103F-16F7-4668-BE54-9A1E7A4F7556}") = "GameManagerService.Common.Tests", "Tests\Unit\GameManager\Common\GameManagerService.Common.Tests\GameManagerService.Common.Tests.csproj", "{9A5395AC-4ED8-4B42-B59E-B31A29FE516C}"
EndProject
Project("{9A19103F-16F7-4668-BE54-9A1E7A4F7556}") = "GameManagerService.Application.Tests", "Tests\Unit\GameManager\Core\GameManagerService.Application.Tests\GameManagerService.Application.Tests.csproj", "{E9FE13B9-FDC6-4A46-AC52-60EE2F397B6A}"
EndProject
Project("{9A19103F-16F7-4668-BE54-9A1E7A4F7556}") = "GameManagerService.Persistence.Tests", "Tests\Unit\GameManager\Infrastructure\GameManagerService.Persistence.Tests\GameManagerService.Persistence.Tests.csproj", "{FD866763-850C-40E1-A91A-F54F70562BB9}"
EndProject
Project("{9A19103F-16F7-4668-BE54-9A1E7A4F7556}") = "GameManagerApi.Tests", "Tests\Unit\GameManager\Presentation\GameManagerApi.Tests\GameManagerApi.Tests.csproj", "{DDDFC24D-1202-44B3-8778-3D2AF058DAA5}"
EndProject
Project("{9A19103F-16F7-4668-BE54-9A1E7A4F7556}") = "AccountService.SignalRIntegration", "Src\Account\Infrastructure\AccountService.SignalRIntegration\AccountService.SignalRIntegration.csproj", "{C5E9D13A-8D09-44D2-9A60-0982C62B4A6D}"
EndProject
Project("{9A19103F-16F7-4668-BE54-9A1E7A4F7556}") = "AccountService.MessageBus", "Src\Account\Infrastructure\AccountService.MessageBus\AccountService.MessageBus.csproj", "{A86D6070-DFCE-4F5A-9BB5-F7A555034D9F}"
EndProject
Project("{9A19103F-16F7-4668-BE54-9A1E7A4F7556}") = "GameManagerService.SignalRIntegration", "Src\GameManager\Infrastructure\GameManagerService.SignalRIntegration\GameManagerService.SignalRIntegration.csproj", "{CA6D248C-602F-45E7-B9EA-039C6620AEC4}"
EndProject
Project("{2150E333-8FDC-42A3-9474-1A3956D46DE8}") = "Auth", "Auth", "{36DA8568-EE5A-4153-AB67-FA8B7522A424}"
EndProject
Project("{2150E333-8FDC-42A3-9474-1A3956D46DE8}") = "Presentation", "Presentation", "{BC75A076-9D00-45B1-A3D1-D490A5C9119F}"
EndProject
Project("{2150E333-8FDC-42A3-9474-1A3956D46DE8}") = "Infrastructure", "Infrastructure", "{209C6D0C-590A-4BD9-9943-5C3443C79944}"
EndProject
Project("{9A19103F-16F7-4668-BE54-9A1E7A4F7556}") = "Auth.Server", "Src\Auth\Presentation\Auth.Server\Auth.Server.csproj", "{C9B7DFB5-71AB-4405-B9CF-02645FB61ED9}"
EndProject
Project("{2150E333-8FDC-42A3-9474-1A3956D46DE8}") = "Common", "Common", "{ADC6D454-5B9E-4078-9B4E-2688BBF76FAE}"
EndProject
Project("{9A19103F-16F7-4668-BE54-9A1E7A4F7556}") = "Auth.Common", "Src\Auth\Common\Auth.Common\Auth.Common.csproj", "{E065A19A-BA71-4DD2-B1C5-959870A41399}"
EndProject
Project("{9A19103F-16F7-4668-BE54-9A1E7A4F7556}") = "Auth.EmailService", "Src\Auth\Infrastructure\Auth.EmailService\Auth.EmailService.csproj", "{5E137F98-F03B-4EBD-B2E4-48FA1071CB95}"
EndProject
Project("{9A19103F-16F7-4668-BE54-9A1E7A4F7556}") = "Auth.MessageBus", "Src\Auth\Infrastructure\Auth.MessageBus\Auth.MessageBus.csproj", "{EC0BC6CB-B3B0-48AE-9B9C-F63C5DE16CA9}"
EndProject
Project("{2150E333-8FDC-42A3-9474-1A3956D46DE8}") = "Core", "Core", "{BEA43F8E-4C0C-479B-87B0-17F08A8957ED}"
EndProject
Project("{9A19103F-16F7-4668-BE54-9A1E7A4F7556}") = "Auth.Application", "Src\Auth\Core\Auth.Application\Auth.Application.csproj", "{B1847091-74A6-42F5-B458-3341EFD0E8B3}"
EndProject
Project("{9A19103F-16F7-4668-BE54-9A1E7A4F7556}") = "GameManagerService.Identity", "Src\GameManager\Infrastructure\GameManagerService.Identity\GameManagerService.Identity.csproj", "{E17EB4B3-3B46-4EE8-8DFD-E22D08C1A9F2}"
EndProject
Project("{FAE04EC0-301F-11D3-BF4B-00C04F79EFBC}") = "GameManagerService.MessageBus", "Src\GameManager\Infrastructure\GameManagerService.MessageBus\GameManagerService.MessageBus.csproj", "{F68C45A7-0572-4A22-8EE0-DBF9F2A2BE19}"
EndProject
Global
	GlobalSection(SolutionConfigurationPlatforms) = preSolution
		Debug|Any CPU = Debug|Any CPU
		Release|Any CPU = Release|Any CPU
	EndGlobalSection
	GlobalSection(ProjectConfigurationPlatforms) = postSolution
		{25616C87-8A1F-4F57-807F-AABC42E10401}.Debug|Any CPU.ActiveCfg = Debug|Any CPU
		{25616C87-8A1F-4F57-807F-AABC42E10401}.Debug|Any CPU.Build.0 = Debug|Any CPU
		{25616C87-8A1F-4F57-807F-AABC42E10401}.Release|Any CPU.ActiveCfg = Release|Any CPU
		{25616C87-8A1F-4F57-807F-AABC42E10401}.Release|Any CPU.Build.0 = Release|Any CPU
		{7B3F692B-5B3C-43C2-A15C-3E1A8151C74E}.Debug|Any CPU.ActiveCfg = Debug|Any CPU
		{7B3F692B-5B3C-43C2-A15C-3E1A8151C74E}.Debug|Any CPU.Build.0 = Debug|Any CPU
		{7B3F692B-5B3C-43C2-A15C-3E1A8151C74E}.Release|Any CPU.ActiveCfg = Release|Any CPU
		{7B3F692B-5B3C-43C2-A15C-3E1A8151C74E}.Release|Any CPU.Build.0 = Release|Any CPU
		{60668212-FFA8-4F39-8434-8FC1218ED997}.Debug|Any CPU.ActiveCfg = Debug|Any CPU
		{60668212-FFA8-4F39-8434-8FC1218ED997}.Debug|Any CPU.Build.0 = Debug|Any CPU
		{60668212-FFA8-4F39-8434-8FC1218ED997}.Release|Any CPU.ActiveCfg = Release|Any CPU
		{60668212-FFA8-4F39-8434-8FC1218ED997}.Release|Any CPU.Build.0 = Release|Any CPU
		{B652DDC9-7FA5-46F8-A2E9-A91FB3784060}.Debug|Any CPU.ActiveCfg = Debug|Any CPU
		{B652DDC9-7FA5-46F8-A2E9-A91FB3784060}.Debug|Any CPU.Build.0 = Debug|Any CPU
		{B652DDC9-7FA5-46F8-A2E9-A91FB3784060}.Release|Any CPU.ActiveCfg = Release|Any CPU
		{B652DDC9-7FA5-46F8-A2E9-A91FB3784060}.Release|Any CPU.Build.0 = Release|Any CPU
		{6168A528-A283-421F-91E5-8E984F5F1E18}.Debug|Any CPU.ActiveCfg = Debug|Any CPU
		{6168A528-A283-421F-91E5-8E984F5F1E18}.Debug|Any CPU.Build.0 = Debug|Any CPU
		{6168A528-A283-421F-91E5-8E984F5F1E18}.Release|Any CPU.ActiveCfg = Release|Any CPU
		{6168A528-A283-421F-91E5-8E984F5F1E18}.Release|Any CPU.Build.0 = Release|Any CPU
		{A29C2A97-8311-4EE1-8D18-295DC8F376D8}.Debug|Any CPU.ActiveCfg = Debug|Any CPU
		{A29C2A97-8311-4EE1-8D18-295DC8F376D8}.Debug|Any CPU.Build.0 = Debug|Any CPU
		{A29C2A97-8311-4EE1-8D18-295DC8F376D8}.Release|Any CPU.ActiveCfg = Release|Any CPU
		{A29C2A97-8311-4EE1-8D18-295DC8F376D8}.Release|Any CPU.Build.0 = Release|Any CPU
		{FAC2D130-0FE9-467C-A117-0D5A85F66800}.Debug|Any CPU.ActiveCfg = Debug|Any CPU
		{FAC2D130-0FE9-467C-A117-0D5A85F66800}.Debug|Any CPU.Build.0 = Debug|Any CPU
		{FAC2D130-0FE9-467C-A117-0D5A85F66800}.Release|Any CPU.ActiveCfg = Release|Any CPU
		{FAC2D130-0FE9-467C-A117-0D5A85F66800}.Release|Any CPU.Build.0 = Release|Any CPU
		{AC65716A-D084-48E2-AD6E-5D6F35C66A03}.Debug|Any CPU.ActiveCfg = Debug|Any CPU
		{AC65716A-D084-48E2-AD6E-5D6F35C66A03}.Debug|Any CPU.Build.0 = Debug|Any CPU
		{AC65716A-D084-48E2-AD6E-5D6F35C66A03}.Release|Any CPU.ActiveCfg = Release|Any CPU
		{AC65716A-D084-48E2-AD6E-5D6F35C66A03}.Release|Any CPU.Build.0 = Release|Any CPU
		{FA7C9D61-A6A9-480C-BABD-2C6FD6454991}.Debug|Any CPU.ActiveCfg = Debug|Any CPU
		{FA7C9D61-A6A9-480C-BABD-2C6FD6454991}.Debug|Any CPU.Build.0 = Debug|Any CPU
		{FA7C9D61-A6A9-480C-BABD-2C6FD6454991}.Release|Any CPU.ActiveCfg = Release|Any CPU
		{FA7C9D61-A6A9-480C-BABD-2C6FD6454991}.Release|Any CPU.Build.0 = Release|Any CPU
		{CBFBCE23-64C4-4519-A442-F4DD13017B92}.Debug|Any CPU.ActiveCfg = Debug|Any CPU
		{CBFBCE23-64C4-4519-A442-F4DD13017B92}.Debug|Any CPU.Build.0 = Debug|Any CPU
		{CBFBCE23-64C4-4519-A442-F4DD13017B92}.Release|Any CPU.ActiveCfg = Release|Any CPU
		{CBFBCE23-64C4-4519-A442-F4DD13017B92}.Release|Any CPU.Build.0 = Release|Any CPU
		{998E31CC-2057-4FD0-935B-83606F842C52}.Debug|Any CPU.ActiveCfg = Debug|Any CPU
		{998E31CC-2057-4FD0-935B-83606F842C52}.Debug|Any CPU.Build.0 = Debug|Any CPU
		{998E31CC-2057-4FD0-935B-83606F842C52}.Release|Any CPU.ActiveCfg = Release|Any CPU
		{998E31CC-2057-4FD0-935B-83606F842C52}.Release|Any CPU.Build.0 = Release|Any CPU
		{24935019-F40C-4064-99D5-CB2F541D4108}.Debug|Any CPU.ActiveCfg = Debug|Any CPU
		{24935019-F40C-4064-99D5-CB2F541D4108}.Debug|Any CPU.Build.0 = Debug|Any CPU
		{24935019-F40C-4064-99D5-CB2F541D4108}.Release|Any CPU.ActiveCfg = Release|Any CPU
		{24935019-F40C-4064-99D5-CB2F541D4108}.Release|Any CPU.Build.0 = Release|Any CPU
		{C2BDEACD-A923-4696-8A41-4AFE187A709D}.Debug|Any CPU.ActiveCfg = Debug|Any CPU
		{C2BDEACD-A923-4696-8A41-4AFE187A709D}.Debug|Any CPU.Build.0 = Debug|Any CPU
		{C2BDEACD-A923-4696-8A41-4AFE187A709D}.Release|Any CPU.ActiveCfg = Release|Any CPU
		{C2BDEACD-A923-4696-8A41-4AFE187A709D}.Release|Any CPU.Build.0 = Release|Any CPU
		{7FCE6D39-CD70-4BAF-A44F-5EF156C685D8}.Debug|Any CPU.ActiveCfg = Debug|Any CPU
		{7FCE6D39-CD70-4BAF-A44F-5EF156C685D8}.Debug|Any CPU.Build.0 = Debug|Any CPU
		{7FCE6D39-CD70-4BAF-A44F-5EF156C685D8}.Release|Any CPU.ActiveCfg = Release|Any CPU
		{7FCE6D39-CD70-4BAF-A44F-5EF156C685D8}.Release|Any CPU.Build.0 = Release|Any CPU
		{66CE0417-7834-4613-BD1F-ED3D65B29ED4}.Debug|Any CPU.ActiveCfg = Debug|Any CPU
		{66CE0417-7834-4613-BD1F-ED3D65B29ED4}.Debug|Any CPU.Build.0 = Debug|Any CPU
		{66CE0417-7834-4613-BD1F-ED3D65B29ED4}.Release|Any CPU.ActiveCfg = Release|Any CPU
		{66CE0417-7834-4613-BD1F-ED3D65B29ED4}.Release|Any CPU.Build.0 = Release|Any CPU
		{9A5395AC-4ED8-4B42-B59E-B31A29FE516C}.Debug|Any CPU.ActiveCfg = Debug|Any CPU
		{9A5395AC-4ED8-4B42-B59E-B31A29FE516C}.Debug|Any CPU.Build.0 = Debug|Any CPU
		{9A5395AC-4ED8-4B42-B59E-B31A29FE516C}.Release|Any CPU.ActiveCfg = Release|Any CPU
		{9A5395AC-4ED8-4B42-B59E-B31A29FE516C}.Release|Any CPU.Build.0 = Release|Any CPU
		{E9FE13B9-FDC6-4A46-AC52-60EE2F397B6A}.Debug|Any CPU.ActiveCfg = Debug|Any CPU
		{E9FE13B9-FDC6-4A46-AC52-60EE2F397B6A}.Debug|Any CPU.Build.0 = Debug|Any CPU
		{E9FE13B9-FDC6-4A46-AC52-60EE2F397B6A}.Release|Any CPU.ActiveCfg = Release|Any CPU
		{E9FE13B9-FDC6-4A46-AC52-60EE2F397B6A}.Release|Any CPU.Build.0 = Release|Any CPU
		{FD866763-850C-40E1-A91A-F54F70562BB9}.Debug|Any CPU.ActiveCfg = Debug|Any CPU
		{FD866763-850C-40E1-A91A-F54F70562BB9}.Debug|Any CPU.Build.0 = Debug|Any CPU
		{FD866763-850C-40E1-A91A-F54F70562BB9}.Release|Any CPU.ActiveCfg = Release|Any CPU
		{FD866763-850C-40E1-A91A-F54F70562BB9}.Release|Any CPU.Build.0 = Release|Any CPU
		{DDDFC24D-1202-44B3-8778-3D2AF058DAA5}.Debug|Any CPU.ActiveCfg = Debug|Any CPU
		{DDDFC24D-1202-44B3-8778-3D2AF058DAA5}.Debug|Any CPU.Build.0 = Debug|Any CPU
		{DDDFC24D-1202-44B3-8778-3D2AF058DAA5}.Release|Any CPU.ActiveCfg = Release|Any CPU
		{DDDFC24D-1202-44B3-8778-3D2AF058DAA5}.Release|Any CPU.Build.0 = Release|Any CPU
		{C5E9D13A-8D09-44D2-9A60-0982C62B4A6D}.Debug|Any CPU.ActiveCfg = Debug|Any CPU
		{C5E9D13A-8D09-44D2-9A60-0982C62B4A6D}.Debug|Any CPU.Build.0 = Debug|Any CPU
		{C5E9D13A-8D09-44D2-9A60-0982C62B4A6D}.Release|Any CPU.ActiveCfg = Release|Any CPU
		{C5E9D13A-8D09-44D2-9A60-0982C62B4A6D}.Release|Any CPU.Build.0 = Release|Any CPU
		{A86D6070-DFCE-4F5A-9BB5-F7A555034D9F}.Debug|Any CPU.ActiveCfg = Debug|Any CPU
		{A86D6070-DFCE-4F5A-9BB5-F7A555034D9F}.Debug|Any CPU.Build.0 = Debug|Any CPU
		{A86D6070-DFCE-4F5A-9BB5-F7A555034D9F}.Release|Any CPU.ActiveCfg = Release|Any CPU
		{A86D6070-DFCE-4F5A-9BB5-F7A555034D9F}.Release|Any CPU.Build.0 = Release|Any CPU
		{CA6D248C-602F-45E7-B9EA-039C6620AEC4}.Debug|Any CPU.ActiveCfg = Debug|Any CPU
		{CA6D248C-602F-45E7-B9EA-039C6620AEC4}.Debug|Any CPU.Build.0 = Debug|Any CPU
		{CA6D248C-602F-45E7-B9EA-039C6620AEC4}.Release|Any CPU.ActiveCfg = Release|Any CPU
		{CA6D248C-602F-45E7-B9EA-039C6620AEC4}.Release|Any CPU.Build.0 = Release|Any CPU
		{C9B7DFB5-71AB-4405-B9CF-02645FB61ED9}.Debug|Any CPU.ActiveCfg = Debug|Any CPU
		{C9B7DFB5-71AB-4405-B9CF-02645FB61ED9}.Debug|Any CPU.Build.0 = Debug|Any CPU
		{C9B7DFB5-71AB-4405-B9CF-02645FB61ED9}.Release|Any CPU.ActiveCfg = Release|Any CPU
		{C9B7DFB5-71AB-4405-B9CF-02645FB61ED9}.Release|Any CPU.Build.0 = Release|Any CPU
		{E065A19A-BA71-4DD2-B1C5-959870A41399}.Debug|Any CPU.ActiveCfg = Debug|Any CPU
		{E065A19A-BA71-4DD2-B1C5-959870A41399}.Debug|Any CPU.Build.0 = Debug|Any CPU
		{E065A19A-BA71-4DD2-B1C5-959870A41399}.Release|Any CPU.ActiveCfg = Release|Any CPU
		{E065A19A-BA71-4DD2-B1C5-959870A41399}.Release|Any CPU.Build.0 = Release|Any CPU
		{5E137F98-F03B-4EBD-B2E4-48FA1071CB95}.Debug|Any CPU.ActiveCfg = Debug|Any CPU
		{5E137F98-F03B-4EBD-B2E4-48FA1071CB95}.Debug|Any CPU.Build.0 = Debug|Any CPU
		{5E137F98-F03B-4EBD-B2E4-48FA1071CB95}.Release|Any CPU.ActiveCfg = Release|Any CPU
		{5E137F98-F03B-4EBD-B2E4-48FA1071CB95}.Release|Any CPU.Build.0 = Release|Any CPU
		{EC0BC6CB-B3B0-48AE-9B9C-F63C5DE16CA9}.Debug|Any CPU.ActiveCfg = Debug|Any CPU
		{EC0BC6CB-B3B0-48AE-9B9C-F63C5DE16CA9}.Debug|Any CPU.Build.0 = Debug|Any CPU
		{EC0BC6CB-B3B0-48AE-9B9C-F63C5DE16CA9}.Release|Any CPU.ActiveCfg = Release|Any CPU
		{EC0BC6CB-B3B0-48AE-9B9C-F63C5DE16CA9}.Release|Any CPU.Build.0 = Release|Any CPU
		{B1847091-74A6-42F5-B458-3341EFD0E8B3}.Debug|Any CPU.ActiveCfg = Debug|Any CPU
		{B1847091-74A6-42F5-B458-3341EFD0E8B3}.Debug|Any CPU.Build.0 = Debug|Any CPU
		{B1847091-74A6-42F5-B458-3341EFD0E8B3}.Release|Any CPU.ActiveCfg = Release|Any CPU
		{B1847091-74A6-42F5-B458-3341EFD0E8B3}.Release|Any CPU.Build.0 = Release|Any CPU
		{E17EB4B3-3B46-4EE8-8DFD-E22D08C1A9F2}.Debug|Any CPU.ActiveCfg = Debug|Any CPU
		{E17EB4B3-3B46-4EE8-8DFD-E22D08C1A9F2}.Debug|Any CPU.Build.0 = Debug|Any CPU
		{E17EB4B3-3B46-4EE8-8DFD-E22D08C1A9F2}.Release|Any CPU.ActiveCfg = Release|Any CPU
		{E17EB4B3-3B46-4EE8-8DFD-E22D08C1A9F2}.Release|Any CPU.Build.0 = Release|Any CPU
		{F68C45A7-0572-4A22-8EE0-DBF9F2A2BE19}.Debug|Any CPU.ActiveCfg = Debug|Any CPU
		{F68C45A7-0572-4A22-8EE0-DBF9F2A2BE19}.Debug|Any CPU.Build.0 = Debug|Any CPU
		{F68C45A7-0572-4A22-8EE0-DBF9F2A2BE19}.Release|Any CPU.ActiveCfg = Release|Any CPU
		{F68C45A7-0572-4A22-8EE0-DBF9F2A2BE19}.Release|Any CPU.Build.0 = Release|Any CPU
	EndGlobalSection
	GlobalSection(SolutionProperties) = preSolution
		HideSolutionNode = FALSE
	EndGlobalSection
	GlobalSection(NestedProjects) = preSolution
		{F22AB961-F577-4F87-9423-13F10B1E207B} = {0FAEB515-50CD-4128-91EA-F79154FA2538}
		{4BC71B9A-4C98-43CC-ABE3-503763FC4FEA} = {F22AB961-F577-4F87-9423-13F10B1E207B}
		{FDB37DF3-FD13-425F-8BBF-FF23023FCA81} = {95BE6C3D-1F2E-458F-9E52-99900AFB77BE}
		{809D7793-A89E-402D-A7EF-516D72469CBA} = {FDB37DF3-FD13-425F-8BBF-FF23023FCA81}
		{9A34E001-6863-408A-9A29-76C0791BDC69} = {FDB37DF3-FD13-425F-8BBF-FF23023FCA81}
		{1D03C10B-BEF7-4164-B8E9-70CDD0170200} = {FDB37DF3-FD13-425F-8BBF-FF23023FCA81}
		{CB990E59-C496-4ED1-BC0F-8477DE7D18A5} = {FDB37DF3-FD13-425F-8BBF-FF23023FCA81}
		{D5BE75F5-F571-4347-8E59-03726350F333} = {4BC71B9A-4C98-43CC-ABE3-503763FC4FEA}
		{C60827AD-B7A2-4D2A-BC08-65EE71474F07} = {4BC71B9A-4C98-43CC-ABE3-503763FC4FEA}
		{AAEFFC57-C1A5-4225-AAA3-6D67D1A835C7} = {4BC71B9A-4C98-43CC-ABE3-503763FC4FEA}
		{C61B2FA5-F39D-4D7B-A3CF-0229F1559FE3} = {4BC71B9A-4C98-43CC-ABE3-503763FC4FEA}
		{25616C87-8A1F-4F57-807F-AABC42E10401} = {809D7793-A89E-402D-A7EF-516D72469CBA}
		{7B3F692B-5B3C-43C2-A15C-3E1A8151C74E} = {9A34E001-6863-408A-9A29-76C0791BDC69}
		{60668212-FFA8-4F39-8434-8FC1218ED997} = {9A34E001-6863-408A-9A29-76C0791BDC69}
		{B652DDC9-7FA5-46F8-A2E9-A91FB3784060} = {CB990E59-C496-4ED1-BC0F-8477DE7D18A5}
		{6168A528-A283-421F-91E5-8E984F5F1E18} = {1D03C10B-BEF7-4164-B8E9-70CDD0170200}
		{A29C2A97-8311-4EE1-8D18-295DC8F376D8} = {D5BE75F5-F571-4347-8E59-03726350F333}
		{FAC2D130-0FE9-467C-A117-0D5A85F66800} = {C60827AD-B7A2-4D2A-BC08-65EE71474F07}
		{AC65716A-D084-48E2-AD6E-5D6F35C66A03} = {AAEFFC57-C1A5-4225-AAA3-6D67D1A835C7}
		{FA7C9D61-A6A9-480C-BABD-2C6FD6454991} = {C61B2FA5-F39D-4D7B-A3CF-0229F1559FE3}
		{CBFBCE23-64C4-4519-A442-F4DD13017B92} = {1D03C10B-BEF7-4164-B8E9-70CDD0170200}
		{C2BF7AF3-D565-4FC8-B0EB-AF325806A7A7} = {95BE6C3D-1F2E-458F-9E52-99900AFB77BE}
		{9775F2FF-E0BA-409B-B19B-73C0A640D453} = {C2BF7AF3-D565-4FC8-B0EB-AF325806A7A7}
		{59E50E1E-906F-4DF8-AB48-45927B18FCFE} = {C2BF7AF3-D565-4FC8-B0EB-AF325806A7A7}
		{DD5E085B-A717-4B1F-AF32-23FE4ECB8F58} = {C2BF7AF3-D565-4FC8-B0EB-AF325806A7A7}
		{E810F8A5-8DF8-4BCD-B349-D3F0F848B1B1} = {C2BF7AF3-D565-4FC8-B0EB-AF325806A7A7}
		{998E31CC-2057-4FD0-935B-83606F842C52} = {9775F2FF-E0BA-409B-B19B-73C0A640D453}
		{24935019-F40C-4064-99D5-CB2F541D4108} = {59E50E1E-906F-4DF8-AB48-45927B18FCFE}
		{C2BDEACD-A923-4696-8A41-4AFE187A709D} = {DD5E085B-A717-4B1F-AF32-23FE4ECB8F58}
		{7FCE6D39-CD70-4BAF-A44F-5EF156C685D8} = {E810F8A5-8DF8-4BCD-B349-D3F0F848B1B1}
		{66CE0417-7834-4613-BD1F-ED3D65B29ED4} = {59E50E1E-906F-4DF8-AB48-45927B18FCFE}
		{ED12318C-CF57-4044-8352-22A07B46F12D} = {F22AB961-F577-4F87-9423-13F10B1E207B}
		{5A01B2EC-5EE3-4453-800E-D9104C2C9237} = {ED12318C-CF57-4044-8352-22A07B46F12D}
		{1B84D416-9C31-4B77-8298-40BF8CA8D546} = {ED12318C-CF57-4044-8352-22A07B46F12D}
		{99FBAFB1-9CD6-40B4-B67D-2E6D4F216CD6} = {ED12318C-CF57-4044-8352-22A07B46F12D}
		{E03C7C5D-822D-4FE7-81C3-A876FF7E9E87} = {ED12318C-CF57-4044-8352-22A07B46F12D}
		{9A5395AC-4ED8-4B42-B59E-B31A29FE516C} = {5A01B2EC-5EE3-4453-800E-D9104C2C9237}
		{E9FE13B9-FDC6-4A46-AC52-60EE2F397B6A} = {1B84D416-9C31-4B77-8298-40BF8CA8D546}
		{FD866763-850C-40E1-A91A-F54F70562BB9} = {99FBAFB1-9CD6-40B4-B67D-2E6D4F216CD6}
		{DDDFC24D-1202-44B3-8778-3D2AF058DAA5} = {E03C7C5D-822D-4FE7-81C3-A876FF7E9E87}
		{C5E9D13A-8D09-44D2-9A60-0982C62B4A6D} = {1D03C10B-BEF7-4164-B8E9-70CDD0170200}
		{A86D6070-DFCE-4F5A-9BB5-F7A555034D9F} = {1D03C10B-BEF7-4164-B8E9-70CDD0170200}
		{CA6D248C-602F-45E7-B9EA-039C6620AEC4} = {DD5E085B-A717-4B1F-AF32-23FE4ECB8F58}
		{36DA8568-EE5A-4153-AB67-FA8B7522A424} = {95BE6C3D-1F2E-458F-9E52-99900AFB77BE}
		{BC75A076-9D00-45B1-A3D1-D490A5C9119F} = {36DA8568-EE5A-4153-AB67-FA8B7522A424}
		{209C6D0C-590A-4BD9-9943-5C3443C79944} = {36DA8568-EE5A-4153-AB67-FA8B7522A424}
		{C9B7DFB5-71AB-4405-B9CF-02645FB61ED9} = {BC75A076-9D00-45B1-A3D1-D490A5C9119F}
		{ADC6D454-5B9E-4078-9B4E-2688BBF76FAE} = {36DA8568-EE5A-4153-AB67-FA8B7522A424}
		{E065A19A-BA71-4DD2-B1C5-959870A41399} = {ADC6D454-5B9E-4078-9B4E-2688BBF76FAE}
		{5E137F98-F03B-4EBD-B2E4-48FA1071CB95} = {209C6D0C-590A-4BD9-9943-5C3443C79944}
		{EC0BC6CB-B3B0-48AE-9B9C-F63C5DE16CA9} = {209C6D0C-590A-4BD9-9943-5C3443C79944}
		{BEA43F8E-4C0C-479B-87B0-17F08A8957ED} = {36DA8568-EE5A-4153-AB67-FA8B7522A424}
		{B1847091-74A6-42F5-B458-3341EFD0E8B3} = {BEA43F8E-4C0C-479B-87B0-17F08A8957ED}
		{E17EB4B3-3B46-4EE8-8DFD-E22D08C1A9F2} = {DD5E085B-A717-4B1F-AF32-23FE4ECB8F58}
		{F68C45A7-0572-4A22-8EE0-DBF9F2A2BE19} = {DD5E085B-A717-4B1F-AF32-23FE4ECB8F58}
	EndGlobalSection
	GlobalSection(ExtensibilityGlobals) = postSolution
		SolutionGuid = {D2A12D44-3222-4D2F-9F09-981827CDE1F1}
	EndGlobalSection
EndGlobal
