
Microsoft Visual Studio Solution File, Format Version 12.00
# Visual Studio Version 17
VisualStudioVersion = 17.6.33712.159
MinimumVisualStudioVersion = 10.0.40219.1
Project("{2150E333-8FDC-42A3-9474-1A3956D46DE8}") = "Src", "Src", "{95BE6C3D-1F2E-458F-9E52-99900AFB77BE}"
EndProject
Project("{2150E333-8FDC-42A3-9474-1A3956D46DE8}") = "Tests", "Tests", "{0FAEB515-50CD-4128-91EA-F79154FA2538}"
EndProject
Project("{2150E333-8FDC-42A3-9474-1A3956D46DE8}") = "Authentication", "Authentication", "{D1E40CA7-5238-486C-B53E-B5CA4AE9891D}"
EndProject
Project("{2150E333-8FDC-42A3-9474-1A3956D46DE8}") = "Infrastructure", "Infrastructure", "{9B88C3D7-2E57-43FD-B86D-D690C946346A}"
EndProject
Project("{FAE04EC0-301F-11D3-BF4B-00C04F79EFBC}") = "AuthService.Identity", "Src\Authentication\Infrastructure\AuthService.Identity\AuthService.Identity.csproj", "{E0F1BF19-72C1-4B78-879E-EB0CE612CCC1}"
EndProject
Project("{FAE04EC0-301F-11D3-BF4B-00C04F79EFBC}") = "AuthService.Persistence", "Src\Authentication\Infrastructure\AuthService.Persistence\AuthService.Persistence.csproj", "{E7D681FC-76EE-497F-A489-8EDD1A4E8E8D}"
EndProject
Project("{2150E333-8FDC-42A3-9474-1A3956D46DE8}") = "Core", "Core", "{5B9A5022-9762-49BD-855D-30A442B13F99}"
EndProject
Project("{FAE04EC0-301F-11D3-BF4B-00C04F79EFBC}") = "AuthService.Application", "Src\Authentication\Core\AuthService.Application\AuthService.Application.csproj", "{1450A4AE-35AE-4339-8473-F754DC637878}"
EndProject
Project("{FAE04EC0-301F-11D3-BF4B-00C04F79EFBC}") = "AuthService.Domain", "Src\Authentication\Core\AuthService.Domain\AuthService.Domain.csproj", "{191A81F8-D02C-4056-A0E7-A44E93D4908D}"
EndProject
Project("{2150E333-8FDC-42A3-9474-1A3956D46DE8}") = "Common", "Common", "{D2127F98-C117-4379-87B4-D31184228713}"
EndProject
Project("{FAE04EC0-301F-11D3-BF4B-00C04F79EFBC}") = "AuthApi.Common", "Src\Authentication\Common\AuthApi.Common\AuthApi.Common.csproj", "{AB26A4D5-665E-4029-A527-D0F17200E561}"
EndProject
Project("{2150E333-8FDC-42A3-9474-1A3956D46DE8}") = "Presentation", "Presentation", "{A1A82C10-D8EF-461E-9988-EC56AE002593}"
EndProject
Project("{FAE04EC0-301F-11D3-BF4B-00C04F79EFBC}") = "AuthApi", "Src\Authentication\Presentation\AuthApi\AuthApi.csproj", "{697A4C79-C799-4E3B-A9C0-59B2F906234C}"
EndProject
Global
	GlobalSection(SolutionConfigurationPlatforms) = preSolution
		Debug|Any CPU = Debug|Any CPU
		Release|Any CPU = Release|Any CPU
	EndGlobalSection
	GlobalSection(ProjectConfigurationPlatforms) = postSolution
		{E0F1BF19-72C1-4B78-879E-EB0CE612CCC1}.Debug|Any CPU.ActiveCfg = Debug|Any CPU
		{E0F1BF19-72C1-4B78-879E-EB0CE612CCC1}.Debug|Any CPU.Build.0 = Debug|Any CPU
		{E0F1BF19-72C1-4B78-879E-EB0CE612CCC1}.Release|Any CPU.ActiveCfg = Release|Any CPU
		{E0F1BF19-72C1-4B78-879E-EB0CE612CCC1}.Release|Any CPU.Build.0 = Release|Any CPU
		{E7D681FC-76EE-497F-A489-8EDD1A4E8E8D}.Debug|Any CPU.ActiveCfg = Debug|Any CPU
		{E7D681FC-76EE-497F-A489-8EDD1A4E8E8D}.Debug|Any CPU.Build.0 = Debug|Any CPU
		{E7D681FC-76EE-497F-A489-8EDD1A4E8E8D}.Release|Any CPU.ActiveCfg = Release|Any CPU
		{E7D681FC-76EE-497F-A489-8EDD1A4E8E8D}.Release|Any CPU.Build.0 = Release|Any CPU
		{1450A4AE-35AE-4339-8473-F754DC637878}.Debug|Any CPU.ActiveCfg = Debug|Any CPU
		{1450A4AE-35AE-4339-8473-F754DC637878}.Debug|Any CPU.Build.0 = Debug|Any CPU
		{1450A4AE-35AE-4339-8473-F754DC637878}.Release|Any CPU.ActiveCfg = Release|Any CPU
		{1450A4AE-35AE-4339-8473-F754DC637878}.Release|Any CPU.Build.0 = Release|Any CPU
		{191A81F8-D02C-4056-A0E7-A44E93D4908D}.Debug|Any CPU.ActiveCfg = Debug|Any CPU
		{191A81F8-D02C-4056-A0E7-A44E93D4908D}.Debug|Any CPU.Build.0 = Debug|Any CPU
		{191A81F8-D02C-4056-A0E7-A44E93D4908D}.Release|Any CPU.ActiveCfg = Release|Any CPU
		{191A81F8-D02C-4056-A0E7-A44E93D4908D}.Release|Any CPU.Build.0 = Release|Any CPU
		{AB26A4D5-665E-4029-A527-D0F17200E561}.Debug|Any CPU.ActiveCfg = Debug|Any CPU
		{AB26A4D5-665E-4029-A527-D0F17200E561}.Debug|Any CPU.Build.0 = Debug|Any CPU
		{AB26A4D5-665E-4029-A527-D0F17200E561}.Release|Any CPU.ActiveCfg = Release|Any CPU
		{AB26A4D5-665E-4029-A527-D0F17200E561}.Release|Any CPU.Build.0 = Release|Any CPU
		{697A4C79-C799-4E3B-A9C0-59B2F906234C}.Debug|Any CPU.ActiveCfg = Debug|Any CPU
		{697A4C79-C799-4E3B-A9C0-59B2F906234C}.Debug|Any CPU.Build.0 = Debug|Any CPU
		{697A4C79-C799-4E3B-A9C0-59B2F906234C}.Release|Any CPU.ActiveCfg = Release|Any CPU
		{697A4C79-C799-4E3B-A9C0-59B2F906234C}.Release|Any CPU.Build.0 = Release|Any CPU
	EndGlobalSection
	GlobalSection(SolutionProperties) = preSolution
		HideSolutionNode = FALSE
	EndGlobalSection
	GlobalSection(NestedProjects) = preSolution
		{D1E40CA7-5238-486C-B53E-B5CA4AE9891D} = {95BE6C3D-1F2E-458F-9E52-99900AFB77BE}
		{9B88C3D7-2E57-43FD-B86D-D690C946346A} = {D1E40CA7-5238-486C-B53E-B5CA4AE9891D}
		{E0F1BF19-72C1-4B78-879E-EB0CE612CCC1} = {9B88C3D7-2E57-43FD-B86D-D690C946346A}
		{E7D681FC-76EE-497F-A489-8EDD1A4E8E8D} = {9B88C3D7-2E57-43FD-B86D-D690C946346A}
		{5B9A5022-9762-49BD-855D-30A442B13F99} = {D1E40CA7-5238-486C-B53E-B5CA4AE9891D}
		{1450A4AE-35AE-4339-8473-F754DC637878} = {5B9A5022-9762-49BD-855D-30A442B13F99}
		{191A81F8-D02C-4056-A0E7-A44E93D4908D} = {5B9A5022-9762-49BD-855D-30A442B13F99}
		{D2127F98-C117-4379-87B4-D31184228713} = {D1E40CA7-5238-486C-B53E-B5CA4AE9891D}
		{AB26A4D5-665E-4029-A527-D0F17200E561} = {D2127F98-C117-4379-87B4-D31184228713}
		{A1A82C10-D8EF-461E-9988-EC56AE002593} = {D1E40CA7-5238-486C-B53E-B5CA4AE9891D}
		{697A4C79-C799-4E3B-A9C0-59B2F906234C} = {A1A82C10-D8EF-461E-9988-EC56AE002593}
	EndGlobalSection
	GlobalSection(ExtensibilityGlobals) = postSolution
		SolutionGuid = {D2A12D44-3222-4D2F-9F09-981827CDE1F1}
	EndGlobalSection
EndGlobal
